
Microsoft Visual Studio Solution File, Format Version 12.00
# Visual Studio Version 16
VisualStudioVersion = 16.0.30717.126
MinimumVisualStudioVersion = 10.0.40219.1
Project("{FAE04EC0-301F-11D3-BF4B-00C04F79EFBC}") = "SportApp", "SportApp\SportApp.csproj", "{22F0DB45-E5B4-416E-9C7C-44DE80590949}"
EndProject
Global
	GlobalSection(SolutionConfigurationPlatforms) = preSolution
		Debug|Any CPU = Debug|Any CPU
		Release|Any CPU = Release|Any CPU
	EndGlobalSection
	GlobalSection(ProjectConfigurationPlatforms) = postSolution
		{22F0DB45-E5B4-416E-9C7C-44DE80590949}.Debug|Any CPU.ActiveCfg = Debug|Any CPU
		{22F0DB45-E5B4-416E-9C7C-44DE80590949}.Debug|Any CPU.Build.0 = Debug|Any CPU
		{22F0DB45-E5B4-416E-9C7C-44DE80590949}.Release|Any CPU.ActiveCfg = Release|Any CPU
		{22F0DB45-E5B4-416E-9C7C-44DE80590949}.Release|Any CPU.Build.0 = Release|Any CPU
	EndGlobalSection
	GlobalSection(SolutionProperties) = preSolution
		HideSolutionNode = FALSE
	EndGlobalSection
	GlobalSection(ExtensibilityGlobals) = postSolution
		SolutionGuid = {A0D673BD-023F-4DA9-9CA7-86D65B5D237A}
	EndGlobalSection
EndGlobal
